
Microsoft Visual Studio Solution File, Format Version 12.00
# Visual Studio 15
VisualStudioVersion = 15.0.28010.2026
MinimumVisualStudioVersion = 10.0.40219.1
Project("{FAE04EC0-301F-11D3-BF4B-00C04F79EFBC}") = "WcfService1", "WcfService1\WcfService1.csproj", "{7E6E2E1C-84FC-46DA-A750-0FFE02213015}"
EndProject
Global
	GlobalSection(SolutionConfigurationPlatforms) = preSolution
		Debug|Any CPU = Debug|Any CPU
		Release|Any CPU = Release|Any CPU
	EndGlobalSection
	GlobalSection(ProjectConfigurationPlatforms) = postSolution
		{7E6E2E1C-84FC-46DA-A750-0FFE02213015}.Debug|Any CPU.ActiveCfg = Debug|Any CPU
		{7E6E2E1C-84FC-46DA-A750-0FFE02213015}.Debug|Any CPU.Build.0 = Debug|Any CPU
		{7E6E2E1C-84FC-46DA-A750-0FFE02213015}.Release|Any CPU.ActiveCfg = Release|Any CPU
		{7E6E2E1C-84FC-46DA-A750-0FFE02213015}.Release|Any CPU.Build.0 = Release|Any CPU
	EndGlobalSection
	GlobalSection(SolutionProperties) = preSolution
		HideSolutionNode = FALSE
	EndGlobalSection
	GlobalSection(ExtensibilityGlobals) = postSolution
		SolutionGuid = {CC05726E-52D4-4DEF-BEB8-1FF77DAF8340}
	EndGlobalSection
EndGlobal
