
Microsoft Visual Studio Solution File, Format Version 12.00
# Visual Studio 15
VisualStudioVersion = 15.0.28010.2026
MinimumVisualStudioVersion = 10.0.40219.1
Project("{FAE04EC0-301F-11D3-BF4B-00C04F79EFBC}") = "odevv", "odevv\odevv.csproj", "{CDC4E8DC-4AAC-4B06-B290-0371A930F37E}"
EndProject
Global
	GlobalSection(SolutionConfigurationPlatforms) = preSolution
		Debug|Any CPU = Debug|Any CPU
		Release|Any CPU = Release|Any CPU
	EndGlobalSection
	GlobalSection(ProjectConfigurationPlatforms) = postSolution
		{CDC4E8DC-4AAC-4B06-B290-0371A930F37E}.Debug|Any CPU.ActiveCfg = Debug|Any CPU
		{CDC4E8DC-4AAC-4B06-B290-0371A930F37E}.Debug|Any CPU.Build.0 = Debug|Any CPU
		{CDC4E8DC-4AAC-4B06-B290-0371A930F37E}.Release|Any CPU.ActiveCfg = Release|Any CPU
		{CDC4E8DC-4AAC-4B06-B290-0371A930F37E}.Release|Any CPU.Build.0 = Release|Any CPU
	EndGlobalSection
	GlobalSection(SolutionProperties) = preSolution
		HideSolutionNode = FALSE
	EndGlobalSection
	GlobalSection(ExtensibilityGlobals) = postSolution
		SolutionGuid = {0EFC2866-B084-4814-BFB6-4576180AB1C9}
	EndGlobalSection
EndGlobal
